<Solution>
  <Project Path="BillGameCore.Modules.Chest.csproj" />
  <Project Path="Assembly-CSharp.csproj" />
  <Project Path="BillGameCore.Modules.Enemy.csproj" />
  <Project Path="BillGameCore.Modules.Player.csproj" />
  <Project Path="Assembly-CSharp-Editor.csproj" />
  <Project Path="BillGameCore.Composition.csproj" />
  <Project Path="BillGameCore.Interfaces.csproj" />
</Solution>
