<Solution>
  <Project Path="BillGameCore.Modules.Player.csproj" />
  <Project Path="Assembly-CSharp.csproj" />
  <Project Path="BillGameCore.Modules.Input.csproj" />
  <Project Path="Assembly-CSharp-Editor.csproj" />
  <Project Path="BillGameCore.SharedPorts.csproj" />
  <Project Path="BillGameCore.Scenes.csproj" />
</Solution>
